
Microsoft Visual Studio Solution File, Format Version 12.00
# Visual Studio 15
VisualStudioVersion = 15.0.26730.3
MinimumVisualStudioVersion = 10.0.40219.1
Project("{9A19103F-16F7-4668-BE54-9A1E7A4F7556}") = "AspNetCore.JsonLocalization", "AspNetCore.JsonLocalization\AspNetCore.JsonLocalization.csproj", "{57F3CB22-24A0-40AB-BBC1-2AB3AC53EB21}"
EndProject
Project("{9A19103F-16F7-4668-BE54-9A1E7A4F7556}") = "AspNetCore.JsonLocalizationExample", "AspNetCore.JsonLocalizationExample\AspNetCore.JsonLocalizationExample.csproj", "{E2A24BED-41D0-4694-990A-71D1DA1E2554}"
EndProject
Global
	GlobalSection(SolutionConfigurationPlatforms) = preSolution
		Debug|Any CPU = Debug|Any CPU
		Release|Any CPU = Release|Any CPU
	EndGlobalSection
	GlobalSection(ProjectConfigurationPlatforms) = postSolution
		{57F3CB22-24A0-40AB-BBC1-2AB3AC53EB21}.Debug|Any CPU.ActiveCfg = Debug|Any CPU
		{57F3CB22-24A0-40AB-BBC1-2AB3AC53EB21}.Debug|Any CPU.Build.0 = Debug|Any CPU
		{57F3CB22-24A0-40AB-BBC1-2AB3AC53EB21}.Release|Any CPU.ActiveCfg = Release|Any CPU
		{57F3CB22-24A0-40AB-BBC1-2AB3AC53EB21}.Release|Any CPU.Build.0 = Release|Any CPU
		{E2A24BED-41D0-4694-990A-71D1DA1E2554}.Debug|Any CPU.ActiveCfg = Debug|Any CPU
		{E2A24BED-41D0-4694-990A-71D1DA1E2554}.Debug|Any CPU.Build.0 = Debug|Any CPU
		{E2A24BED-41D0-4694-990A-71D1DA1E2554}.Release|Any CPU.ActiveCfg = Release|Any CPU
		{E2A24BED-41D0-4694-990A-71D1DA1E2554}.Release|Any CPU.Build.0 = Release|Any CPU
	EndGlobalSection
	GlobalSection(SolutionProperties) = preSolution
		HideSolutionNode = FALSE
	EndGlobalSection
	GlobalSection(ExtensibilityGlobals) = postSolution
		SolutionGuid = {31B5DD86-D295-417B-88C3-AE3113FE0A0D}
	EndGlobalSection
EndGlobal
