
Microsoft Visual Studio Solution File, Format Version 12.00
# Visual Studio 15
VisualStudioVersion = 15.0.26730.3
MinimumVisualStudioVersion = 10.0.40219.1
Project("{FAE04EC0-301F-11D3-BF4B-00C04F79EFBC}") = "JsonLocalization", "JsonLocalization\JsonLocalization.csproj", "{FBAE45CC-4387-4E60-B3CE-8F45304A490C}"
EndProject
Project("{FAE04EC0-301F-11D3-BF4B-00C04F79EFBC}") = "JsonLocalizationExample", "JsonLocalizationExample\JsonLocalizationExample.csproj", "{9D2EBE97-B001-40F1-BB1B-5588DAA4C835}"
EndProject
Global
	GlobalSection(SolutionConfigurationPlatforms) = preSolution
		Debug|Any CPU = Debug|Any CPU
		Release|Any CPU = Release|Any CPU
	EndGlobalSection
	GlobalSection(ProjectConfigurationPlatforms) = postSolution
		{FBAE45CC-4387-4E60-B3CE-8F45304A490C}.Debug|Any CPU.ActiveCfg = Debug|Any CPU
		{FBAE45CC-4387-4E60-B3CE-8F45304A490C}.Debug|Any CPU.Build.0 = Debug|Any CPU
		{FBAE45CC-4387-4E60-B3CE-8F45304A490C}.Release|Any CPU.ActiveCfg = Release|Any CPU
		{FBAE45CC-4387-4E60-B3CE-8F45304A490C}.Release|Any CPU.Build.0 = Release|Any CPU
		{9D2EBE97-B001-40F1-BB1B-5588DAA4C835}.Debug|Any CPU.ActiveCfg = Debug|Any CPU
		{9D2EBE97-B001-40F1-BB1B-5588DAA4C835}.Debug|Any CPU.Build.0 = Debug|Any CPU
		{9D2EBE97-B001-40F1-BB1B-5588DAA4C835}.Release|Any CPU.ActiveCfg = Release|Any CPU
		{9D2EBE97-B001-40F1-BB1B-5588DAA4C835}.Release|Any CPU.Build.0 = Release|Any CPU
	EndGlobalSection
	GlobalSection(SolutionProperties) = preSolution
		HideSolutionNode = FALSE
	EndGlobalSection
	GlobalSection(ExtensibilityGlobals) = postSolution
		SolutionGuid = {C9D1D71C-4914-43A2-A383-25FF67C95149}
	EndGlobalSection
EndGlobal
